// !$*UTF8*$!
{
	archiveVersion = 1;
	classes = {
	};
	objectVersion = 50;
	objects = {

/* Begin PBXBuildFile section */
		92FFB31D21F1EC25007A281C /* AppDelegate.swift in Sources */ = {isa = PBXBuildFile; fileRef = 92FFB31C21F1EC25007A281C /* AppDelegate.swift */; };
		92FFB31F21F1EC25007A281C /* ViewController.swift in Sources */ = {isa = PBXBuildFile; fileRef = 92FFB31E21F1EC25007A281C /* ViewController.swift */; };
		92FFB32221F1EC25007A281C /* Main.storyboard in Resources */ = {isa = PBXBuildFile; fileRef = 92FFB32021F1EC25007A281C /* Main.storyboard */; };
		92FFB32421F1EC27007A281C /* Assets.xcassets in Resources */ = {isa = PBXBuildFile; fileRef = 92FFB32321F1EC27007A281C /* Assets.xcassets */; };
		92FFB32721F1EC27007A281C /* LaunchScreen.storyboard in Resources */ = {isa = PBXBuildFile; fileRef = 92FFB32521F1EC27007A281C /* LaunchScreen.storyboard */; };
		92FFB33221F1EC27007A281C /* I_Am_RichTests.swift in Sources */ = {isa = PBXBuildFile; fileRef = 92FFB33121F1EC27007A281C /* I_Am_RichTests.swift */; };
		92FFB33D21F1EC27007A281C /* I_Am_RichUITests.swift in Sources */ = {isa = PBXBuildFile; fileRef = 92FFB33C21F1EC27007A281C /* I_Am_RichUITests.swift */; };
/* End PBXBuildFile section */

/* Begin PBXContainerItemProxy section */
		92FFB32E21F1EC27007A281C /* PBXContainerItemProxy */ = {
			isa = PBXContainerItemProxy;
			containerPortal = 92FFB31121F1EC25007A281C /* Project object */;
			proxyType = 1;
			remoteGlobalIDString = 92FFB31821F1EC25007A281C;
			remoteInfo = "I Am Rich";
		};
		92FFB33921F1EC27007A281C /* PBXContainerItemProxy */ = {
			isa = PBXContainerItemProxy;
			containerPortal = 92FFB31121F1EC25007A281C /* Project object */;
			proxyType = 1;
			remoteGlobalIDString = 92FFB31821F1EC25007A281C;
			remoteInfo = "I Am Rich";
		};
/* End PBXContainerItemProxy section */

/* Begin PBXFileReference section */
		92FFB31921F1EC25007A281C /* I Am Rich.app */ = {isa = PBXFileReference; explicitFileType = wrapper.application; includeInIndex = 0; path = "I Am Rich.app"; sourceTree = BUILT_PRODUCTS_DIR; };
		92FFB31C21F1EC25007A281C /* AppDelegate.swift */ = {isa = PBXFileReference; lastKnownFileType = sourcecode.swift; path = AppDelegate.swift; sourceTree = "<group>"; };
		92FFB31E21F1EC25007A281C /* ViewController.swift */ = {isa = PBXFileReference; lastKnownFileType = sourcecode.swift; path = ViewController.swift; sourceTree = "<group>"; };
		92FFB32121F1EC25007A281C /* Base */ = {isa = PBXFileReference; lastKnownFileType = file.storyboard; name = Base; path = Base.lproj/Main.storyboard; sourceTree = "<group>"; };
		92FFB32321F1EC27007A281C /* Assets.xcassets */ = {isa = PBXFileReference; lastKnownFileType = folder.assetcatalog; path = Assets.xcassets; sourceTree = "<group>"; };
		92FFB32621F1EC27007A281C /* Base */ = {isa = PBXFileReference; lastKnownFileType = file.storyboard; name = Base; path = Base.lproj/LaunchScreen.storyboard; sourceTree = "<group>"; };
		92FFB32821F1EC27007A281C /* Info.plist */ = {isa = PBXFileReference; lastKnownFileType = text.plist.xml; path = Info.plist; sourceTree = "<group>"; };
		92FFB32D21F1EC27007A281C /* I Am RichTests.xctest */ = {isa = PBXFileReference; explicitFileType = wrapper.cfbundle; includeInIndex = 0; path = "I Am RichTests.xctest"; sourceTree = BUILT_PRODUCTS_DIR; };
		92FFB33121F1EC27007A281C /* I_Am_RichTests.swift */ = {isa = PBXFileReference; lastKnownFileType = sourcecode.swift; path = I_Am_RichTests.swift; sourceTree = "<group>"; };
		92FFB33321F1EC27007A281C /* Info.plist */ = {isa = PBXFileReference; lastKnownFileType = text.plist.xml; path = Info.plist; sourceTree = "<group>"; };
		92FFB33821F1EC27007A281C /* I Am RichUITests.xctest */ = {isa = PBXFileReference; explicitFileType = wrapper.cfbundle; includeInIndex = 0; path = "I Am RichUITests.xctest"; sourceTree = BUILT_PRODUCTS_DIR; };
		92FFB33C21F1EC27007A281C /* I_Am_RichUITests.swift */ = {isa = PBXFileReference; lastKnownFileType = sourcecode.swift; path = I_Am_RichUITests.swift; sourceTree = "<group>"; };
		92FFB33E21F1EC27007A281C /* Info.plist */ = {isa = PBXFileReference; lastKnownFileType = text.plist.xml; path = Info.plist; sourceTree = "<group>"; };
/* End PBXFileReference section */

/* Begin PBXFrameworksBuildPhase section */
		92FFB31621F1EC25007A281C /* Frameworks */ = {
			isa = PBXFrameworksBuildPhase;
			buildActionMask = 2147483647;
			files = (
			);
			runOnlyForDeploymentPostprocessing = 0;
		};
		92FFB32A21F1EC27007A281C /* Frameworks */ = {
			isa = PBXFrameworksBuildPhase;
			buildActionMask = 2147483647;
			files = (
			);
			runOnlyForDeploymentPostprocessing = 0;
		};
		92FFB33521F1EC27007A281C /* Frameworks */ = {
			isa = PBXFrameworksBuildPhase;
			buildActionMask = 2147483647;
			files = (
			);
			runOnlyForDeploymentPostprocessing = 0;
		};
/* End PBXFrameworksBuildPhase section */

/* Begin PBXGroup section */
		92FFB31021F1EC25007A281C = {
			isa = PBXGroup;
			children = (
				92FFB31B21F1EC25007A281C /* I Am Rich */,
				92FFB33021F1EC27007A281C /* I Am RichTests */,
				92FFB33B21F1EC27007A281C /* I Am RichUITests */,
				92FFB31A21F1EC25007A281C /* Products */,
			);
			sourceTree = "<group>";
		};
		92FFB31A21F1EC25007A281C /* Products */ = {
			isa = PBXGroup;
			children = (
				92FFB31921F1EC25007A281C /* I Am Rich.app */,
				92FFB32D21F1EC27007A281C /* I Am RichTests.xctest */,
				92FFB33821F1EC27007A281C /* I Am RichUITests.xctest */,
			);
			name = Products;
			sourceTree = "<group>";
		};
		92FFB31B21F1EC25007A281C /* I Am Rich */ = {
			isa = PBXGroup;
			children = (
				92FFB31C21F1EC25007A281C /* AppDelegate.swift */,
				92FFB31E21F1EC25007A281C /* ViewController.swift */,
				92FFB32021F1EC25007A281C /* Main.storyboard */,
				92FFB32321F1EC27007A281C /* Assets.xcassets */,
				92FFB32521F1EC27007A281C /* LaunchScreen.storyboard */,
				92FFB32821F1EC27007A281C /* Info.plist */,
			);
			path = "I Am Rich";
			sourceTree = "<group>";
		};
		92FFB33021F1EC27007A281C /* I Am RichTests */ = {
			isa = PBXGroup;
			children = (
				92FFB33121F1EC27007A281C /* I_Am_RichTests.swift */,
				92FFB33321F1EC27007A281C /* Info.plist */,
			);
			path = "I Am RichTests";
			sourceTree = "<group>";
		};
		92FFB33B21F1EC27007A281C /* I Am RichUITests */ = {
			isa = PBXGroup;
			children = (
				92FFB33C21F1EC27007A281C /* I_Am_RichUITests.swift */,
				92FFB33E21F1EC27007A281C /* Info.plist */,
			);
			path = "I Am RichUITests";
			sourceTree = "<group>";
		};
/* End PBXGroup section */

/* Begin PBXNativeTarget section */
		92FFB31821F1EC25007A281C /* I Am Rich */ = {
			isa = PBXNativeTarget;
			buildConfigurationList = 92FFB34121F1EC27007A281C /* Build configuration list for PBXNativeTarget "I Am Rich" */;
			buildPhases = (
				92FFB31521F1EC25007A281C /* Sources */,
				92FFB31621F1EC25007A281C /* Frameworks */,
				92FFB31721F1EC25007A281C /* Resources */,
			);
			buildRules = (
			);
			dependencies = (
			);
			name = "I Am Rich";
			productName = "I Am Rich";
			productReference = 92FFB31921F1EC25007A281C /* I Am Rich.app */;
			productType = "com.apple.product-type.application";
		};
		92FFB32C21F1EC27007A281C /* I Am RichTests */ = {
			isa = PBXNativeTarget;
			buildConfigurationList = 92FFB34421F1EC27007A281C /* Build configuration list for PBXNativeTarget "I Am RichTests" */;
			buildPhases = (
				92FFB32921F1EC27007A281C /* Sources */,
				92FFB32A21F1EC27007A281C /* Frameworks */,
				92FFB32B21F1EC27007A281C /* Resources */,
			);
			buildRules = (
			);
			dependencies = (
				92FFB32F21F1EC27007A281C /* PBXTargetDependency */,
			);
			name = "I Am RichTests";
			productName = "I Am RichTests";
			productReference = 92FFB32D21F1EC27007A281C /* I Am RichTests.xctest */;
			productType = "com.apple.product-type.bundle.unit-test";
		};
		92FFB33721F1EC27007A281C /* I Am RichUITests */ = {
			isa = PBXNativeTarget;
			buildConfigurationList = 92FFB34721F1EC27007A281C /* Build configuration list for PBXNativeTarget "I Am RichUITests" */;
			buildPhases = (
				92FFB33421F1EC27007A281C /* Sources */,
				92FFB33521F1EC27007A281C /* Frameworks */,
				92FFB33621F1EC27007A281C /* Resources */,
			);
			buildRules = (
			);
			dependencies = (
				92FFB33A21F1EC27007A281C /* PBXTargetDependency */,
			);
			name = "I Am RichUITests";
			productName = "I Am RichUITests";
			productReference = 92FFB33821F1EC27007A281C /* I Am RichUITests.xctest */;
			productType = "com.apple.product-type.bundle.ui-testing";
		};
/* End PBXNativeTarget section */

/* Begin PBXProject section */
		92FFB31121F1EC25007A281C /* Project object */ = {
			isa = PBXProject;
			attributes = {
				LastSwiftUpdateCheck = 1010;
				LastUpgradeCheck = 1010;
				ORGANIZATIONNAME = "Ratnam Yadav";
				TargetAttributes = {
					92FFB31821F1EC25007A281C = {
						CreatedOnToolsVersion = 10.1;
					};
					92FFB32C21F1EC27007A281C = {
						CreatedOnToolsVersion = 10.1;
						TestTargetID = 92FFB31821F1EC25007A281C;
					};
					92FFB33721F1EC27007A281C = {
						CreatedOnToolsVersion = 10.1;
						TestTargetID = 92FFB31821F1EC25007A281C;
					};
				};
			};
			buildConfigurationList = 92FFB31421F1EC25007A281C /* Build configuration list for PBXProject "I Am Rich" */;
			compatibilityVersion = "Xcode 9.3";
			developmentRegion = en;
			hasScannedForEncodings = 0;
			knownRegions = (
				en,
				Base,
			);
			mainGroup = 92FFB31021F1EC25007A281C;
			productRefGroup = 92FFB31A21F1EC25007A281C /* Products */;
			projectDirPath = "";
			projectRoot = "";
			targets = (
				92FFB31821F1EC25007A281C /* I Am Rich */,
				92FFB32C21F1EC27007A281C /* I Am RichTests */,
				92FFB33721F1EC27007A281C /* I Am RichUITests */,
			);
		};
/* End PBXProject section */

/* Begin PBXResourcesBuildPhase section */
		92FFB31721F1EC25007A281C /* Resources */ = {
			isa = PBXResourcesBuildPhase;
			buildActionMask = 2147483647;
			files = (
				92FFB32721F1EC27007A281C /* LaunchScreen.storyboard in Resources */,
				92FFB32421F1EC27007A281C /* Assets.xcassets in Resources */,
				92FFB32221F1EC25007A281C /* Main.storyboard in Resources */,
			);
			runOnlyForDeploymentPostprocessing = 0;
		};
		92FFB32B21F1EC27007A281C /* Resources */ = {
			isa = PBXResourcesBuildPhase;
			buildActionMask = 2147483647;
			files = (
			);
			runOnlyForDeploymentPostprocessing = 0;
		};
		92FFB33621F1EC27007A281C /* Resources */ = {
			isa = PBXResourcesBuildPhase;
			buildActionMask = 2147483647;
			files = (
			);
			runOnlyForDeploymentPostprocessing = 0;
		};
/* End PBXResourcesBuildPhase section */

/* Begin PBXSourcesBuildPhase section */
		92FFB31521F1EC25007A281C /* Sources */ = {
			isa = PBXSourcesBuildPhase;
			buildActionMask = 2147483647;
			files = (
				92FFB31F21F1EC25007A281C /* ViewController.swift in Sources */,
				92FFB31D21F1EC25007A281C /* AppDelegate.swift in Sources */,
			);
			runOnlyForDeploymentPostprocessing = 0;
		};
		92FFB32921F1EC27007A281C /* Sources */ = {
			isa = PBXSourcesBuildPhase;
			buildActionMask = 2147483647;
			files = (
				92FFB33221F1EC27007A281C /* I_Am_RichTests.swift in Sources */,
			);
			runOnlyForDeploymentPostprocessing = 0;
		};
		92FFB33421F1EC27007A281C /* Sources */ = {
			isa = PBXSourcesBuildPhase;
			buildActionMask = 2147483647;
			files = (
				92FFB33D21F1EC27007A281C /* I_Am_RichUITests.swift in Sources */,
			);
			runOnlyForDeploymentPostprocessing = 0;
		};
/* End PBXSourcesBuildPhase section */

/* Begin PBXTargetDependency section */
		92FFB32F21F1EC27007A281C /* PBXTargetDependency */ = {
			isa = PBXTargetDependency;
			target = 92FFB31821F1EC25007A281C /* I Am Rich */;
			targetProxy = 92FFB32E21F1EC27007A281C /* PBXContainerItemProxy */;
		};
		92FFB33A21F1EC27007A281C /* PBXTargetDependency */ = {
			isa = PBXTargetDependency;
			target = 92FFB31821F1EC25007A281C /* I Am Rich */;
			targetProxy = 92FFB33921F1EC27007A281C /* PBXContainerItemProxy */;
		};
/* End PBXTargetDependency section */

/* Begin PBXVariantGroup section */
		92FFB32021F1EC25007A281C /* Main.storyboard */ = {
			isa = PBXVariantGroup;
			children = (
				92FFB32121F1EC25007A281C /* Base */,
			);
			name = Main.storyboard;
			sourceTree = "<group>";
		};
		92FFB32521F1EC27007A281C /* LaunchScreen.storyboard */ = {
			isa = PBXVariantGroup;
			children = (
				92FFB32621F1EC27007A281C /* Base */,
			);
			name = LaunchScreen.storyboard;
			sourceTree = "<group>";
		};
/* End PBXVariantGroup section */

/* Begin XCBuildConfiguration section */
		92FFB33F21F1EC27007A281C /* Debug */ = {
			isa = XCBuildConfiguration;
			buildSettings = {
				ALWAYS_SEARCH_USER_PATHS = NO;
				CLANG_ANALYZER_NONNULL = YES;
				CLANG_ANALYZER_NUMBER_OBJECT_CONVERSION = YES_AGGRESSIVE;
				CLANG_CXX_LANGUAGE_STANDARD = "gnu++14";
				CLANG_CXX_LIBRARY = "libc++";
				CLANG_ENABLE_MODULES = YES;
				CLANG_ENABLE_OBJC_ARC = YES;
				CLANG_ENABLE_OBJC_WEAK = YES;
				CLANG_WARN_BLOCK_CAPTURE_AUTORELEASING = YES;
				CLANG_WARN_BOOL_CONVERSION = YES;
				CLANG_WARN_COMMA = YES;
				CLANG_WARN_CONSTANT_CONVERSION = YES;
				CLANG_WARN_DEPRECATED_OBJC_IMPLEMENTATIONS = YES;
				CLANG_WARN_DIRECT_OBJC_ISA_USAGE = YES_ERROR;
				CLANG_WARN_DOCUMENTATION_COMMENTS = YES;
				CLANG_WARN_EMPTY_BODY = YES;
				CLANG_WARN_ENUM_CONVERSION = YES;
				CLANG_WARN_INFINITE_RECURSION = YES;
				CLANG_WARN_INT_CONVERSION = YES;
				CLANG_WARN_NON_LITERAL_NULL_CONVERSION = YES;
				CLANG_WARN_OBJC_IMPLICIT_RETAIN_SELF = YES;
				CLANG_WARN_OBJC_LITERAL_CONVERSION = YES;
				CLANG_WARN_OBJC_ROOT_CLASS = YES_ERROR;
				CLANG_WARN_RANGE_LOOP_ANALYSIS = YES;
				CLANG_WARN_STRICT_PROTOTYPES = YES;
				CLANG_WARN_SUSPICIOUS_MOVE = YES;
				CLANG_WARN_UNGUARDED_AVAILABILITY = YES_AGGRESSIVE;
				CLANG_WARN_UNREACHABLE_CODE = YES;
				CLANG_WARN__DUPLICATE_METHOD_MATCH = YES;
				CODE_SIGN_IDENTITY = "iPhone Developer";
				COPY_PHASE_STRIP = NO;
				DEBUG_INFORMATION_FORMAT = dwarf;
				ENABLE_STRICT_OBJC_MSGSEND = YES;
				ENABLE_TESTABILITY = YES;
				GCC_C_LANGUAGE_STANDARD = gnu11;
				GCC_DYNAMIC_NO_PIC = NO;
				GCC_NO_COMMON_BLOCKS = YES;
				GCC_OPTIMIZATION_LEVEL = 0;
				GCC_PREPROCESSOR_DEFINITIONS = (
					"DEBUG=1",
					"$(inherited)",
				);
				GCC_WARN_64_TO_32_BIT_CONVERSION = YES;
				GCC_WARN_ABOUT_RETURN_TYPE = YES_ERROR;
				GCC_WARN_UNDECLARED_SELECTOR = YES;
				GCC_WARN_UNINITIALIZED_AUTOS = YES_AGGRESSIVE;
				GCC_WARN_UNUSED_FUNCTION = YES;
				GCC_WARN_UNUSED_VARIABLE = YES;
				IPHONEOS_DEPLOYMENT_TARGET = 12.1;
				MTL_ENABLE_DEBUG_INFO = INCLUDE_SOURCE;
				MTL_FAST_MATH = YES;
				ONLY_ACTIVE_ARCH = YES;
				SDKROOT = iphoneos;
				SWIFT_ACTIVE_COMPILATION_CONDITIONS = DEBUG;
				SWIFT_OPTIMIZATION_LEVEL = "-Onone";
			};
			name = Debug;
		};
		92FFB34021F1EC27007A281C /* Release */ = {
			isa = XCBuildConfiguration;
			buildSettings = {
				ALWAYS_SEARCH_USER_PATHS = NO;
				CLANG_ANALYZER_NONNULL = YES;
				CLANG_ANALYZER_NUMBER_OBJECT_CONVERSION = YES_AGGRESSIVE;
				CLANG_CXX_LANGUAGE_STANDARD = "gnu++14";
				CLANG_CXX_LIBRARY = "libc++";
				CLANG_ENABLE_MODULES = YES;
				CLANG_ENABLE_OBJC_ARC = YES;
				CLANG_ENABLE_OBJC_WEAK = YES;
				CLANG_WARN_BLOCK_CAPTURE_AUTORELEASING = YES;
				CLANG_WARN_BOOL_CONVERSION = YES;
				CLANG_WARN_COMMA = YES;
				CLANG_WARN_CONSTANT_CONVERSION = YES;
				CLANG_WARN_DEPRECATED_OBJC_IMPLEMENTATIONS = YES;
				CLANG_WARN_DIRECT_OBJC_ISA_USAGE = YES_ERROR;
				CLANG_WARN_DOCUMENTATION_COMMENTS = YES;
				CLANG_WARN_EMPTY_BODY = YES;
				CLANG_WARN_ENUM_CONVERSION = YES;
				CLANG_WARN_INFINITE_RECURSION = YES;
				CLANG_WARN_INT_CONVERSION = YES;
				CLANG_WARN_NON_LITERAL_NULL_CONVERSION = YES;
				CLANG_WARN_OBJC_IMPLICIT_RETAIN_SELF = YES;
				CLANG_WARN_OBJC_LITERAL_CONVERSION = YES;
				CLANG_WARN_OBJC_ROOT_CLASS = YES_ERROR;
				CLANG_WARN_RANGE_LOOP_ANALYSIS = YES;
				CLANG_WARN_STRICT_PROTOTYPES = YES;
				CLANG_WARN_SUSPICIOUS_MOVE = YES;
				CLANG_WARN_UNGUARDED_AVAILABILITY = YES_AGGRESSIVE;
				CLANG_WARN_UNREACHABLE_CODE = YES;
				CLANG_WARN__DUPLICATE_METHOD_MATCH = YES;
				CODE_SIGN_IDENTITY = "iPhone Developer";
				COPY_PHASE_STRIP = NO;
				DEBUG_INFORMATION_FORMAT = "dwarf-with-dsym";
				ENABLE_NS_ASSERTIONS = NO;
				ENABLE_STRICT_OBJC_MSGSEND = YES;
				GCC_C_LANGUAGE_STANDARD = gnu11;
				GCC_NO_COMMON_BLOCKS = YES;
				GCC_WARN_64_TO_32_BIT_CONVERSION = YES;
				GCC_WARN_ABOUT_RETURN_TYPE = YES_ERROR;
				GCC_WARN_UNDECLARED_SELECTOR = YES;
				GCC_WARN_UNINITIALIZED_AUTOS = YES_AGGRESSIVE;
				GCC_WARN_UNUSED_FUNCTION = YES;
				GCC_WARN_UNUSED_VARIABLE = YES;
				IPHONEOS_DEPLOYMENT_TARGET = 12.1;
				MTL_ENABLE_DEBUG_INFO = NO;
				MTL_FAST_MATH = YES;
				SDKROOT = iphoneos;
				SWIFT_COMPILATION_MODE = wholemodule;
				SWIFT_OPTIMIZATION_LEVEL = "-O";
				VALIDATE_PRODUCT = YES;
			};
			name = Release;
		};
		92FFB34221F1EC27007A281C /* Debug */ = {
			isa = XCBuildConfiguration;
			buildSettings = {
				ASSETCATALOG_COMPILER_APPICON_NAME = AppIcon;
				CODE_SIGN_IDENTITY = "iPhone Developer";
				CODE_SIGN_STYLE = Automatic;
				DEVELOPMENT_TEAM = X8ZK9N8V3S;
				INFOPLIST_FILE = "I Am Rich/Info.plist";
				LD_RUNPATH_SEARCH_PATHS = (
					"$(inherited)",
					"@executable_path/Frameworks",
				);
				PRODUCT_BUNDLE_IDENTIFIER = "com.anraya.I-Am-Rich";
				PRODUCT_NAME = "$(TARGET_NAME)";
				PROVISIONING_PROFILE_SPECIFIER = "";
				SWIFT_VERSION = 4.2;
				TARGETED_DEVICE_FAMILY = 1;
			};
			name = Debug;
		};
		92FFB34321F1EC27007A281C /* Release */ = {
			isa = XCBuildConfiguration;
			buildSettings = {
				ASSETCATALOG_COMPILER_APPICON_NAME = AppIcon;
				CODE_SIGN_IDENTITY = "iPhone Developer";
				CODE_SIGN_STYLE = Automatic;
				DEVELOPMENT_TEAM = X8ZK9N8V3S;
				INFOPLIST_FILE = "I Am Rich/Info.plist";
				LD_RUNPATH_SEARCH_PATHS = (
					"$(inherited)",
					"@executable_path/Frameworks",
				);
				PRODUCT_BUNDLE_IDENTIFIER = "com.anraya.I-Am-Rich";
				PRODUCT_NAME = "$(TARGET_NAME)";
				PROVISIONING_PROFILE_SPECIFIER = "";
				SWIFT_VERSION = 4.2;
				TARGETED_DEVICE_FAMILY = 1;
			};
			name = Release;
		};
		92FFB34521F1EC27007A281C /* Debug */ = {
			isa = XCBuildConfiguration;
			buildSettings = {
				ALWAYS_EMBED_SWIFT_STANDARD_LIBRARIES = YES;
				BUNDLE_LOADER = "$(TEST_HOST)";
				CODE_SIGN_STYLE = Automatic;
				INFOPLIST_FILE = "I Am RichTests/Info.plist";
				LD_RUNPATH_SEARCH_PATHS = (
					"$(inherited)",
					"@executable_path/Frameworks",
					"@loader_path/Frameworks",
				);
				PRODUCT_BUNDLE_IDENTIFIER = "com.anraya.I-Am-RichTests";
				PRODUCT_NAME = "$(TARGET_NAME)";
				SWIFT_VERSION = 4.2;
				TARGETED_DEVICE_FAMILY = "1,2";
				TEST_HOST = "$(BUILT_PRODUCTS_DIR)/I Am Rich.app/I Am Rich";
			};
			name = Debug;
		};
		92FFB34621F1EC27007A281C /* Release */ = {
			isa = XCBuildConfiguration;
			buildSettings = {
				ALWAYS_EMBED_SWIFT_STANDARD_LIBRARIES = YES;
				BUNDLE_LOADER = "$(TEST_HOST)";
				CODE_SIGN_STYLE = Automatic;
				INFOPLIST_FILE = "I Am RichTests/Info.plist";
				LD_RUNPATH_SEARCH_PATHS = (
					"$(inherited)",
					"@executable_path/Frameworks",
					"@loader_path/Frameworks",
				);
				PRODUCT_BUNDLE_IDENTIFIER = "com.anraya.I-Am-RichTests";
				PRODUCT_NAME = "$(TARGET_NAME)";
				SWIFT_VERSION = 4.2;
				TARGETED_DEVICE_FAMILY = "1,2";
				TEST_HOST = "$(BUILT_PRODUCTS_DIR)/I Am Rich.app/I Am Rich";
			};
			name = Release;
		};
		92FFB34821F1EC27007A281C /* Debug */ = {
			isa = XCBuildConfiguration;
			buildSettings = {
				ALWAYS_EMBED_SWIFT_STANDARD_LIBRARIES = YES;
				CODE_SIGN_STYLE = Automatic;
				INFOPLIST_FILE = "I Am RichUITests/Info.plist";
				LD_RUNPATH_SEARCH_PATHS = (
					"$(inherited)",
					"@executable_path/Frameworks",
					"@loader_path/Frameworks",
				);
				PRODUCT_BUNDLE_IDENTIFIER = "com.anraya.I-Am-RichUITests";
				PRODUCT_NAME = "$(TARGET_NAME)";
				SWIFT_VERSION = 4.2;
				TARGETED_DEVICE_FAMILY = "1,2";
				TEST_TARGET_NAME = "I Am Rich";
			};
			name = Debug;
		};
		92FFB34921F1EC27007A281C /* Release */ = {
			isa = XCBuildConfiguration;
			buildSettings = {
				ALWAYS_EMBED_SWIFT_STANDARD_LIBRARIES = YES;
				CODE_SIGN_STYLE = Automatic;
				INFOPLIST_FILE = "I Am RichUITests/Info.plist";
				LD_RUNPATH_SEARCH_PATHS = (
					"$(inherited)",
					"@executable_path/Frameworks",
					"@loader_path/Frameworks",
				);
				PRODUCT_BUNDLE_IDENTIFIER = "com.anraya.I-Am-RichUITests";
				PRODUCT_NAME = "$(TARGET_NAME)";
				SWIFT_VERSION = 4.2;
				TARGETED_DEVICE_FAMILY = "1,2";
				TEST_TARGET_NAME = "I Am Rich";
			};
			name = Release;
		};
/* End XCBuildConfiguration section */

/* Begin XCConfigurationList section */
		92FFB31421F1EC25007A281C /* Build configuration list for PBXProject "I Am Rich" */ = {
			isa = XCConfigurationList;
			buildConfigurations = (
				92FFB33F21F1EC27007A281C /* Debug */,
				92FFB34021F1EC27007A281C /* Release */,
			);
			defaultConfigurationIsVisible = 0;
			defaultConfigurationName = Release;
		};
		92FFB34121F1EC27007A281C /* Build configuration list for PBXNativeTarget "I Am Rich" */ = {
			isa = XCConfigurationList;
			buildConfigurations = (
				92FFB34221F1EC27007A281C /* Debug */,
				92FFB34321F1EC27007A281C /* Release */,
			);
			defaultConfigurationIsVisible = 0;
			defaultConfigurationName = Release;
		};
		92FFB34421F1EC27007A281C /* Build configuration list for PBXNativeTarget "I Am RichTests" */ = {
			isa = XCConfigurationList;
			buildConfigurations = (
				92FFB34521F1EC27007A281C /* Debug */,
				92FFB34621F1EC27007A281C /* Release */,
			);
			defaultConfigurationIsVisible = 0;
			defaultConfigurationName = Release;
		};
		92FFB34721F1EC27007A281C /* Build configuration list for PBXNativeTarget "I Am RichUITests" */ = {
			isa = XCConfigurationList;
			buildConfigurations = (
				92FFB34821F1EC27007A281C /* Debug */,
				92FFB34921F1EC27007A281C /* Release */,
			);
			defaultConfigurationIsVisible = 0;
			defaultConfigurationName = Release;
		};
/* End XCConfigurationList section */
	};
	rootObject = 92FFB31121F1EC25007A281C /* Project object */;
}
